
Microsoft Visual Studio Solution File, Format Version 12.00
Project("{FAE04EC0-301F-11D3-BF4B-00C04F79EFBC}") = "ConsoleApps", "ConsoleApps\ConsoleApps.csproj", "{E4381BBE-C3F0-41D2-A2E9-4561F9F06D39}"
EndProject
Project("{FAE04EC0-301F-11D3-BF4B-00C04F79EFBC}") = "CaseZerosOnes", "CaseZerosOnes\CaseZerosOnes.csproj", "{6F746BA0-C3BC-44FA-8A82-99180D72C043}"
EndProject
Project("{FAE04EC0-301F-11D3-BF4B-00C04F79EFBC}") = "NightAtTheMuseum", "NightAtTheMuseum\NightAtTheMuseum.csproj", "{1DABBFBB-4566-4CF1-923D-8EA4BAE8F6D8}"
EndProject
Project("{FAE04EC0-301F-11D3-BF4B-00C04F79EFBC}") = "NormalProblem", "NormalProblem\NormalProblem.csproj", "{D83D0A51-EE77-45D7-8010-168022567D48}"
EndProject
Project("{FAE04EC0-301F-11D3-BF4B-00C04F79EFBC}") = "TeamOlympiad", "TeamOlympiad\TeamOlympiad.csproj", "{0058F984-2A94-4941-A1CF-D2662BF07714}"
EndProject
Global
	GlobalSection(SolutionConfigurationPlatforms) = preSolution
		Debug|Any CPU = Debug|Any CPU
		Release|Any CPU = Release|Any CPU
	EndGlobalSection
	GlobalSection(ProjectConfigurationPlatforms) = postSolution
		{E4381BBE-C3F0-41D2-A2E9-4561F9F06D39}.Debug|Any CPU.ActiveCfg = Debug|Any CPU
		{E4381BBE-C3F0-41D2-A2E9-4561F9F06D39}.Debug|Any CPU.Build.0 = Debug|Any CPU
		{E4381BBE-C3F0-41D2-A2E9-4561F9F06D39}.Release|Any CPU.ActiveCfg = Release|Any CPU
		{E4381BBE-C3F0-41D2-A2E9-4561F9F06D39}.Release|Any CPU.Build.0 = Release|Any CPU
		{6F746BA0-C3BC-44FA-8A82-99180D72C043}.Debug|Any CPU.ActiveCfg = Debug|Any CPU
		{6F746BA0-C3BC-44FA-8A82-99180D72C043}.Debug|Any CPU.Build.0 = Debug|Any CPU
		{6F746BA0-C3BC-44FA-8A82-99180D72C043}.Release|Any CPU.ActiveCfg = Release|Any CPU
		{6F746BA0-C3BC-44FA-8A82-99180D72C043}.Release|Any CPU.Build.0 = Release|Any CPU
		{1DABBFBB-4566-4CF1-923D-8EA4BAE8F6D8}.Debug|Any CPU.ActiveCfg = Debug|Any CPU
		{1DABBFBB-4566-4CF1-923D-8EA4BAE8F6D8}.Debug|Any CPU.Build.0 = Debug|Any CPU
		{1DABBFBB-4566-4CF1-923D-8EA4BAE8F6D8}.Release|Any CPU.ActiveCfg = Release|Any CPU
		{1DABBFBB-4566-4CF1-923D-8EA4BAE8F6D8}.Release|Any CPU.Build.0 = Release|Any CPU
		{D83D0A51-EE77-45D7-8010-168022567D48}.Debug|Any CPU.ActiveCfg = Debug|Any CPU
		{D83D0A51-EE77-45D7-8010-168022567D48}.Debug|Any CPU.Build.0 = Debug|Any CPU
		{D83D0A51-EE77-45D7-8010-168022567D48}.Release|Any CPU.ActiveCfg = Release|Any CPU
		{D83D0A51-EE77-45D7-8010-168022567D48}.Release|Any CPU.Build.0 = Release|Any CPU
		{0058F984-2A94-4941-A1CF-D2662BF07714}.Debug|Any CPU.ActiveCfg = Debug|Any CPU
		{0058F984-2A94-4941-A1CF-D2662BF07714}.Debug|Any CPU.Build.0 = Debug|Any CPU
		{0058F984-2A94-4941-A1CF-D2662BF07714}.Release|Any CPU.ActiveCfg = Release|Any CPU
		{0058F984-2A94-4941-A1CF-D2662BF07714}.Release|Any CPU.Build.0 = Release|Any CPU
	EndGlobalSection
EndGlobal
