
Microsoft Visual Studio Solution File, Format Version 12.00
Project("{FAE04EC0-301F-11D3-BF4B-00C04F79EFBC}") = "ConsoleApps", "ConsoleApps\ConsoleApps.csproj", "{E4381BBE-C3F0-41D2-A2E9-4561F9F06D39}"
EndProject
Project("{FAE04EC0-301F-11D3-BF4B-00C04F79EFBC}") = "CaseZerosOnes", "CaseZerosOnes\CaseZerosOnes.csproj", "{6F746BA0-C3BC-44FA-8A82-99180D72C043}"
EndProject
Project("{FAE04EC0-301F-11D3-BF4B-00C04F79EFBC}") = "NightAtTheMuseum", "NightAtTheMuseum\NightAtTheMuseum.csproj", "{1DABBFBB-4566-4CF1-923D-8EA4BAE8F6D8}"
EndProject
Project("{FAE04EC0-301F-11D3-BF4B-00C04F79EFBC}") = "NormalProblem", "NormalProblem\NormalProblem.csproj", "{D83D0A51-EE77-45D7-8010-168022567D48}"
EndProject
Project("{FAE04EC0-301F-11D3-BF4B-00C04F79EFBC}") = "TeamOlympiad", "TeamOlympiad\TeamOlympiad.csproj", "{0058F984-2A94-4941-A1CF-D2662BF07714}"
EndProject
Project("{FAE04EC0-301F-11D3-BF4B-00C04F79EFBC}") = "HelpfulMaths", "HelpfulMaths\HelpfulMaths.csproj", "{CFBD8C7A-8211-4CFF-B8A3-ABD90DD426C3}"
EndProject
Project("{FAE04EC0-301F-11D3-BF4B-00C04F79EFBC}") = "BitPlusPlus", "BitPlusPlus\BitPlusPlus.csproj", "{897815D3-CC93-4482-97FB-9F1B916D5188}"
EndProject
Project("{FAE04EC0-301F-11D3-BF4B-00C04F79EFBC}") = "YoungPhysicist", "YoungPhysicist\YoungPhysicist.csproj", "{FA0ADFAE-EC02-4A27-970D-B689958226D8}"
EndProject
Project("{FAE04EC0-301F-11D3-BF4B-00C04F79EFBC}") = "NextRound", "NextRound\NextRound.csproj", "{F43CDFB9-70B6-4427-B523-02E4F81EF3E3}"
EndProject
Project("{FAE04EC0-301F-11D3-BF4B-00C04F79EFBC}") = "WordCapitalization", "WordCapitalization\WordCapitalization.csproj", "{3DE3B747-3809-4894-90AF-8DFC106FD3A3}"
EndProject
Project("{FAE04EC0-301F-11D3-BF4B-00C04F79EFBC}") = "NewPassword", "NewPassword\NewPassword.csproj", "{1F15EBE4-57E1-4E67-A288-AA2FEFEE1098}"
EndProject
Project("{FAE04EC0-301F-11D3-BF4B-00C04F79EFBC}") = "FreeIceCream", "FreeIceCream\FreeIceCream.csproj", "{E3320F43-AC83-4F04-8EBD-8025715A5DC6}"
EndProject
Project("{FAE04EC0-301F-11D3-BF4B-00C04F79EFBC}") = "AntonAndLetters", "AntonAndLetters\AntonAndLetters.csproj", "{FFA9536B-45F4-4835-8A25-1150AF88E9F6}"
EndProject
Project("{FAE04EC0-301F-11D3-BF4B-00C04F79EFBC}") = "CarrotCakes", "CarrotCakes\CarrotCakes.csproj", "{B88641BC-1656-4FBB-B763-4ADFE38BD467}"
EndProject
Project("{FAE04EC0-301F-11D3-BF4B-00C04F79EFBC}") = "Juicer", "Juicer\Juicer.csproj", "{D131224D-93A5-4518-81F2-328E5331A4C8}"
EndProject
Project("{FAE04EC0-301F-11D3-BF4B-00C04F79EFBC}") = "ShassAndOskols", "ShassAndOskols\ShassAndOskols.csproj", "{5B1A302A-4352-4919-8FB5-0ED937103016}"
EndProject
Project("{FAE04EC0-301F-11D3-BF4B-00C04F79EFBC}") = "DieRoll", "DieRoll\DieRoll.csproj", "{41000A1E-1152-4ED0-B5DE-D41D2F0F7F6D}"
EndProject
Project("{FAE04EC0-301F-11D3-BF4B-00C04F79EFBC}") = "ColorfulStones", "ColorfulStones\ColorfulStones.csproj", "{883CC7B2-0539-4342-857E-7F35AED7949F}"
EndProject
Project("{FAE04EC0-301F-11D3-BF4B-00C04F79EFBC}") = "HorseShoe", "HorseShoe\HorseShoe.csproj", "{0F091A83-1D7D-40B6-BAB6-95B0966E6258}"
EndProject
Project("{FAE04EC0-301F-11D3-BF4B-00C04F79EFBC}") = "BuyAShovel", "BuyAShovel\BuyAShovel.csproj", "{746B8FBA-62EE-4C5B-938C-84C83E6874EA}"
EndProject
Project("{FAE04EC0-301F-11D3-BF4B-00C04F79EFBC}") = "Games", "Games\Games.csproj", "{8A481C63-FFED-4838-8DCC-A94E54EDE531}"
EndProject
Project("{FAE04EC0-301F-11D3-BF4B-00C04F79EFBC}") = "BlackSquare", "BlackSquare\BlackSquare.csproj", "{BF34BC1C-1BFB-4FE7-A140-081C8AF96E78}"
EndProject
Project("{FAE04EC0-301F-11D3-BF4B-00C04F79EFBC}") = "PoliceRecruits", "PoliceRecruits\PoliceRecruits.csproj", "{63F2CFF1-57AE-4D5E-ACF5-44A05B6C9A52}"
EndProject
Project("{FAE04EC0-301F-11D3-BF4B-00C04F79EFBC}") = "StonesOnTheTable", "StonesOnTheTable\StonesOnTheTable.csproj", "{F994398A-5A63-472E-B27E-86AAE9C5DCAD}"
EndProject
Project("{FAE04EC0-301F-11D3-BF4B-00C04F79EFBC}") = "SerjaAndDima", "SerjaAndDima\SerjaAndDima.csproj", "{B6C71D0C-91F5-4A87-8B32-7830038464B0}"
EndProject
Project("{FAE04EC0-301F-11D3-BF4B-00C04F79EFBC}") = "Magnets", "Magnets\Magnets.csproj", "{ED1925AB-45D4-4E59-87CD-03DC22087D3B}"
EndProject
Project("{FAE04EC0-301F-11D3-BF4B-00C04F79EFBC}") = "Word", "Word\Word.csproj", "{C72188EE-3A95-4910-A802-163703EA0267}"
EndProject
Project("{FAE04EC0-301F-11D3-BF4B-00C04F79EFBC}") = "BoyOrGirl", "BoyOrGirl\BoyOrGirl.csproj", "{0A185383-3CF8-4980-B4E0-45B39D85FBB9}"
EndProject
Project("{FAE04EC0-301F-11D3-BF4B-00C04F79EFBC}") = "PetyaAndStrings", "PetyaAndStrings\PetyaAndStrings.csproj", "{D6545359-C673-4F24-B144-867E0C163EB6}"
EndProject
Project("{FAE04EC0-301F-11D3-BF4B-00C04F79EFBC}") = "GravityFlip", "GravityFlip\GravityFlip.csproj", "{552873BD-7ED5-44CE-AEE0-B34FF8C05606}"
EndProject
Project("{FAE04EC0-301F-11D3-BF4B-00C04F79EFBC}") = "BeautifulMatrix", "BeautifulMatrix\BeautifulMatrix.csproj", "{E766BF7A-5ECF-4ED4-BFF0-66381940ADA8}"
EndProject
Project("{FAE04EC0-301F-11D3-BF4B-00C04F79EFBC}") = "Team", "Team\Team.csproj", "{26E3C67E-11B1-46F2-89A7-9D388695CC36}"
EndProject
Project("{FAE04EC0-301F-11D3-BF4B-00C04F79EFBC}") = "BearAndBigBrother", "BearAndBigBrother\BearAndBigBrother.csproj", "{60B61F8A-7A8D-4B71-814B-5C1567B93AE8}"
EndProject
Project("{FAE04EC0-301F-11D3-BF4B-00C04F79EFBC}") = "AntonAndDanik", "AntonAndDanik\AntonAndDanik.csproj", "{792766B8-628F-4E86-96DC-20DB88290CAA}"
EndProject
Project("{FAE04EC0-301F-11D3-BF4B-00C04F79EFBC}") = "VanyaAndFence", "VanyaAndFence\VanyaAndFence.csproj", "{9D4C5462-FD4B-443F-8099-EA6D2A3B290A}"
EndProject
Project("{FAE04EC0-301F-11D3-BF4B-00C04F79EFBC}") = "Translation", "Translation\Translation.csproj", "{DFDC708D-4638-47D2-96D3-43AC0D9D6228}"
EndProject
Project("{FAE04EC0-301F-11D3-BF4B-00C04F79EFBC}") = "StringTask", "StringTask\StringTask.csproj", "{B4CEE664-F11A-4AF9-B07C-D82A082C73EB}"
EndProject
Project("{FAE04EC0-301F-11D3-BF4B-00C04F79EFBC}") = "Laptops", "Laptops\Laptops.csproj", "{5A918489-7B6B-4245-BEA0-78D8EDAFC8CA}"
EndProject
Project("{FAE04EC0-301F-11D3-BF4B-00C04F79EFBC}") = "LeftRightHandersAmbidexters", "LeftRightHandersAmbidexters\LeftRightHandersAmbidexters.csproj", "{852DF543-3CF1-4650-8B34-CFED74275AFB}"
EndProject
Project("{FAE04EC0-301F-11D3-BF4B-00C04F79EFBC}") = "GeorgeAndAccommodation", "GeorgeAndAccommodation\GeorgeAndAccommodation.csproj", "{D1266BEF-12CE-42D6-9178-976DDF85DB59}"
EndProject
Global
	GlobalSection(SolutionConfigurationPlatforms) = preSolution
		Debug|Any CPU = Debug|Any CPU
		Release|Any CPU = Release|Any CPU
	EndGlobalSection
	GlobalSection(ProjectConfigurationPlatforms) = postSolution
		{E4381BBE-C3F0-41D2-A2E9-4561F9F06D39}.Debug|Any CPU.ActiveCfg = Debug|Any CPU
		{E4381BBE-C3F0-41D2-A2E9-4561F9F06D39}.Debug|Any CPU.Build.0 = Debug|Any CPU
		{E4381BBE-C3F0-41D2-A2E9-4561F9F06D39}.Release|Any CPU.ActiveCfg = Release|Any CPU
		{E4381BBE-C3F0-41D2-A2E9-4561F9F06D39}.Release|Any CPU.Build.0 = Release|Any CPU
		{6F746BA0-C3BC-44FA-8A82-99180D72C043}.Debug|Any CPU.ActiveCfg = Debug|Any CPU
		{6F746BA0-C3BC-44FA-8A82-99180D72C043}.Debug|Any CPU.Build.0 = Debug|Any CPU
		{6F746BA0-C3BC-44FA-8A82-99180D72C043}.Release|Any CPU.ActiveCfg = Release|Any CPU
		{6F746BA0-C3BC-44FA-8A82-99180D72C043}.Release|Any CPU.Build.0 = Release|Any CPU
		{1DABBFBB-4566-4CF1-923D-8EA4BAE8F6D8}.Debug|Any CPU.ActiveCfg = Debug|Any CPU
		{1DABBFBB-4566-4CF1-923D-8EA4BAE8F6D8}.Debug|Any CPU.Build.0 = Debug|Any CPU
		{1DABBFBB-4566-4CF1-923D-8EA4BAE8F6D8}.Release|Any CPU.ActiveCfg = Release|Any CPU
		{1DABBFBB-4566-4CF1-923D-8EA4BAE8F6D8}.Release|Any CPU.Build.0 = Release|Any CPU
		{D83D0A51-EE77-45D7-8010-168022567D48}.Debug|Any CPU.ActiveCfg = Debug|Any CPU
		{D83D0A51-EE77-45D7-8010-168022567D48}.Debug|Any CPU.Build.0 = Debug|Any CPU
		{D83D0A51-EE77-45D7-8010-168022567D48}.Release|Any CPU.ActiveCfg = Release|Any CPU
		{D83D0A51-EE77-45D7-8010-168022567D48}.Release|Any CPU.Build.0 = Release|Any CPU
		{0058F984-2A94-4941-A1CF-D2662BF07714}.Debug|Any CPU.ActiveCfg = Debug|Any CPU
		{0058F984-2A94-4941-A1CF-D2662BF07714}.Debug|Any CPU.Build.0 = Debug|Any CPU
		{0058F984-2A94-4941-A1CF-D2662BF07714}.Release|Any CPU.ActiveCfg = Release|Any CPU
		{0058F984-2A94-4941-A1CF-D2662BF07714}.Release|Any CPU.Build.0 = Release|Any CPU
		{CFBD8C7A-8211-4CFF-B8A3-ABD90DD426C3}.Debug|Any CPU.ActiveCfg = Debug|Any CPU
		{CFBD8C7A-8211-4CFF-B8A3-ABD90DD426C3}.Debug|Any CPU.Build.0 = Debug|Any CPU
		{CFBD8C7A-8211-4CFF-B8A3-ABD90DD426C3}.Release|Any CPU.ActiveCfg = Release|Any CPU
		{CFBD8C7A-8211-4CFF-B8A3-ABD90DD426C3}.Release|Any CPU.Build.0 = Release|Any CPU
		{897815D3-CC93-4482-97FB-9F1B916D5188}.Debug|Any CPU.ActiveCfg = Debug|Any CPU
		{897815D3-CC93-4482-97FB-9F1B916D5188}.Debug|Any CPU.Build.0 = Debug|Any CPU
		{897815D3-CC93-4482-97FB-9F1B916D5188}.Release|Any CPU.ActiveCfg = Release|Any CPU
		{897815D3-CC93-4482-97FB-9F1B916D5188}.Release|Any CPU.Build.0 = Release|Any CPU
		{FA0ADFAE-EC02-4A27-970D-B689958226D8}.Debug|Any CPU.ActiveCfg = Debug|Any CPU
		{FA0ADFAE-EC02-4A27-970D-B689958226D8}.Debug|Any CPU.Build.0 = Debug|Any CPU
		{FA0ADFAE-EC02-4A27-970D-B689958226D8}.Release|Any CPU.ActiveCfg = Release|Any CPU
		{FA0ADFAE-EC02-4A27-970D-B689958226D8}.Release|Any CPU.Build.0 = Release|Any CPU
		{F43CDFB9-70B6-4427-B523-02E4F81EF3E3}.Debug|Any CPU.ActiveCfg = Debug|Any CPU
		{F43CDFB9-70B6-4427-B523-02E4F81EF3E3}.Debug|Any CPU.Build.0 = Debug|Any CPU
		{F43CDFB9-70B6-4427-B523-02E4F81EF3E3}.Release|Any CPU.ActiveCfg = Release|Any CPU
		{F43CDFB9-70B6-4427-B523-02E4F81EF3E3}.Release|Any CPU.Build.0 = Release|Any CPU
		{3DE3B747-3809-4894-90AF-8DFC106FD3A3}.Debug|Any CPU.ActiveCfg = Debug|Any CPU
		{3DE3B747-3809-4894-90AF-8DFC106FD3A3}.Debug|Any CPU.Build.0 = Debug|Any CPU
		{3DE3B747-3809-4894-90AF-8DFC106FD3A3}.Release|Any CPU.ActiveCfg = Release|Any CPU
		{3DE3B747-3809-4894-90AF-8DFC106FD3A3}.Release|Any CPU.Build.0 = Release|Any CPU
		{1F15EBE4-57E1-4E67-A288-AA2FEFEE1098}.Debug|Any CPU.ActiveCfg = Debug|Any CPU
		{1F15EBE4-57E1-4E67-A288-AA2FEFEE1098}.Debug|Any CPU.Build.0 = Debug|Any CPU
		{1F15EBE4-57E1-4E67-A288-AA2FEFEE1098}.Release|Any CPU.ActiveCfg = Release|Any CPU
		{1F15EBE4-57E1-4E67-A288-AA2FEFEE1098}.Release|Any CPU.Build.0 = Release|Any CPU
		{E3320F43-AC83-4F04-8EBD-8025715A5DC6}.Debug|Any CPU.ActiveCfg = Debug|Any CPU
		{E3320F43-AC83-4F04-8EBD-8025715A5DC6}.Debug|Any CPU.Build.0 = Debug|Any CPU
		{E3320F43-AC83-4F04-8EBD-8025715A5DC6}.Release|Any CPU.ActiveCfg = Release|Any CPU
		{E3320F43-AC83-4F04-8EBD-8025715A5DC6}.Release|Any CPU.Build.0 = Release|Any CPU
		{FFA9536B-45F4-4835-8A25-1150AF88E9F6}.Debug|Any CPU.ActiveCfg = Debug|Any CPU
		{FFA9536B-45F4-4835-8A25-1150AF88E9F6}.Debug|Any CPU.Build.0 = Debug|Any CPU
		{FFA9536B-45F4-4835-8A25-1150AF88E9F6}.Release|Any CPU.ActiveCfg = Release|Any CPU
		{FFA9536B-45F4-4835-8A25-1150AF88E9F6}.Release|Any CPU.Build.0 = Release|Any CPU
		{B88641BC-1656-4FBB-B763-4ADFE38BD467}.Debug|Any CPU.ActiveCfg = Debug|Any CPU
		{B88641BC-1656-4FBB-B763-4ADFE38BD467}.Debug|Any CPU.Build.0 = Debug|Any CPU
		{B88641BC-1656-4FBB-B763-4ADFE38BD467}.Release|Any CPU.ActiveCfg = Release|Any CPU
		{B88641BC-1656-4FBB-B763-4ADFE38BD467}.Release|Any CPU.Build.0 = Release|Any CPU
		{D131224D-93A5-4518-81F2-328E5331A4C8}.Debug|Any CPU.ActiveCfg = Debug|Any CPU
		{D131224D-93A5-4518-81F2-328E5331A4C8}.Debug|Any CPU.Build.0 = Debug|Any CPU
		{D131224D-93A5-4518-81F2-328E5331A4C8}.Release|Any CPU.ActiveCfg = Release|Any CPU
		{D131224D-93A5-4518-81F2-328E5331A4C8}.Release|Any CPU.Build.0 = Release|Any CPU
		{5B1A302A-4352-4919-8FB5-0ED937103016}.Debug|Any CPU.ActiveCfg = Debug|Any CPU
		{5B1A302A-4352-4919-8FB5-0ED937103016}.Debug|Any CPU.Build.0 = Debug|Any CPU
		{5B1A302A-4352-4919-8FB5-0ED937103016}.Release|Any CPU.ActiveCfg = Release|Any CPU
		{5B1A302A-4352-4919-8FB5-0ED937103016}.Release|Any CPU.Build.0 = Release|Any CPU
		{41000A1E-1152-4ED0-B5DE-D41D2F0F7F6D}.Debug|Any CPU.ActiveCfg = Debug|Any CPU
		{41000A1E-1152-4ED0-B5DE-D41D2F0F7F6D}.Debug|Any CPU.Build.0 = Debug|Any CPU
		{41000A1E-1152-4ED0-B5DE-D41D2F0F7F6D}.Release|Any CPU.ActiveCfg = Release|Any CPU
		{41000A1E-1152-4ED0-B5DE-D41D2F0F7F6D}.Release|Any CPU.Build.0 = Release|Any CPU
		{883CC7B2-0539-4342-857E-7F35AED7949F}.Debug|Any CPU.ActiveCfg = Debug|Any CPU
		{883CC7B2-0539-4342-857E-7F35AED7949F}.Debug|Any CPU.Build.0 = Debug|Any CPU
		{883CC7B2-0539-4342-857E-7F35AED7949F}.Release|Any CPU.ActiveCfg = Release|Any CPU
		{883CC7B2-0539-4342-857E-7F35AED7949F}.Release|Any CPU.Build.0 = Release|Any CPU
		{0F091A83-1D7D-40B6-BAB6-95B0966E6258}.Debug|Any CPU.ActiveCfg = Debug|Any CPU
		{0F091A83-1D7D-40B6-BAB6-95B0966E6258}.Debug|Any CPU.Build.0 = Debug|Any CPU
		{0F091A83-1D7D-40B6-BAB6-95B0966E6258}.Release|Any CPU.ActiveCfg = Release|Any CPU
		{0F091A83-1D7D-40B6-BAB6-95B0966E6258}.Release|Any CPU.Build.0 = Release|Any CPU
		{746B8FBA-62EE-4C5B-938C-84C83E6874EA}.Debug|Any CPU.ActiveCfg = Debug|Any CPU
		{746B8FBA-62EE-4C5B-938C-84C83E6874EA}.Debug|Any CPU.Build.0 = Debug|Any CPU
		{746B8FBA-62EE-4C5B-938C-84C83E6874EA}.Release|Any CPU.ActiveCfg = Release|Any CPU
		{746B8FBA-62EE-4C5B-938C-84C83E6874EA}.Release|Any CPU.Build.0 = Release|Any CPU
		{8A481C63-FFED-4838-8DCC-A94E54EDE531}.Debug|Any CPU.ActiveCfg = Debug|Any CPU
		{8A481C63-FFED-4838-8DCC-A94E54EDE531}.Debug|Any CPU.Build.0 = Debug|Any CPU
		{8A481C63-FFED-4838-8DCC-A94E54EDE531}.Release|Any CPU.ActiveCfg = Release|Any CPU
		{8A481C63-FFED-4838-8DCC-A94E54EDE531}.Release|Any CPU.Build.0 = Release|Any CPU
		{BF34BC1C-1BFB-4FE7-A140-081C8AF96E78}.Debug|Any CPU.ActiveCfg = Debug|Any CPU
		{BF34BC1C-1BFB-4FE7-A140-081C8AF96E78}.Debug|Any CPU.Build.0 = Debug|Any CPU
		{BF34BC1C-1BFB-4FE7-A140-081C8AF96E78}.Release|Any CPU.ActiveCfg = Release|Any CPU
		{BF34BC1C-1BFB-4FE7-A140-081C8AF96E78}.Release|Any CPU.Build.0 = Release|Any CPU
		{63F2CFF1-57AE-4D5E-ACF5-44A05B6C9A52}.Debug|Any CPU.ActiveCfg = Debug|Any CPU
		{63F2CFF1-57AE-4D5E-ACF5-44A05B6C9A52}.Debug|Any CPU.Build.0 = Debug|Any CPU
		{63F2CFF1-57AE-4D5E-ACF5-44A05B6C9A52}.Release|Any CPU.ActiveCfg = Release|Any CPU
		{63F2CFF1-57AE-4D5E-ACF5-44A05B6C9A52}.Release|Any CPU.Build.0 = Release|Any CPU
		{F994398A-5A63-472E-B27E-86AAE9C5DCAD}.Debug|Any CPU.ActiveCfg = Debug|Any CPU
		{F994398A-5A63-472E-B27E-86AAE9C5DCAD}.Debug|Any CPU.Build.0 = Debug|Any CPU
		{F994398A-5A63-472E-B27E-86AAE9C5DCAD}.Release|Any CPU.ActiveCfg = Release|Any CPU
		{F994398A-5A63-472E-B27E-86AAE9C5DCAD}.Release|Any CPU.Build.0 = Release|Any CPU
		{B6C71D0C-91F5-4A87-8B32-7830038464B0}.Debug|Any CPU.ActiveCfg = Debug|Any CPU
		{B6C71D0C-91F5-4A87-8B32-7830038464B0}.Debug|Any CPU.Build.0 = Debug|Any CPU
		{B6C71D0C-91F5-4A87-8B32-7830038464B0}.Release|Any CPU.ActiveCfg = Release|Any CPU
		{B6C71D0C-91F5-4A87-8B32-7830038464B0}.Release|Any CPU.Build.0 = Release|Any CPU
		{ED1925AB-45D4-4E59-87CD-03DC22087D3B}.Debug|Any CPU.ActiveCfg = Debug|Any CPU
		{ED1925AB-45D4-4E59-87CD-03DC22087D3B}.Debug|Any CPU.Build.0 = Debug|Any CPU
		{ED1925AB-45D4-4E59-87CD-03DC22087D3B}.Release|Any CPU.ActiveCfg = Release|Any CPU
		{ED1925AB-45D4-4E59-87CD-03DC22087D3B}.Release|Any CPU.Build.0 = Release|Any CPU
		{C72188EE-3A95-4910-A802-163703EA0267}.Debug|Any CPU.ActiveCfg = Debug|Any CPU
		{C72188EE-3A95-4910-A802-163703EA0267}.Debug|Any CPU.Build.0 = Debug|Any CPU
		{C72188EE-3A95-4910-A802-163703EA0267}.Release|Any CPU.ActiveCfg = Release|Any CPU
		{C72188EE-3A95-4910-A802-163703EA0267}.Release|Any CPU.Build.0 = Release|Any CPU
		{0A185383-3CF8-4980-B4E0-45B39D85FBB9}.Debug|Any CPU.ActiveCfg = Debug|Any CPU
		{0A185383-3CF8-4980-B4E0-45B39D85FBB9}.Debug|Any CPU.Build.0 = Debug|Any CPU
		{0A185383-3CF8-4980-B4E0-45B39D85FBB9}.Release|Any CPU.ActiveCfg = Release|Any CPU
		{0A185383-3CF8-4980-B4E0-45B39D85FBB9}.Release|Any CPU.Build.0 = Release|Any CPU
		{D6545359-C673-4F24-B144-867E0C163EB6}.Debug|Any CPU.ActiveCfg = Debug|Any CPU
		{D6545359-C673-4F24-B144-867E0C163EB6}.Debug|Any CPU.Build.0 = Debug|Any CPU
		{D6545359-C673-4F24-B144-867E0C163EB6}.Release|Any CPU.ActiveCfg = Release|Any CPU
		{D6545359-C673-4F24-B144-867E0C163EB6}.Release|Any CPU.Build.0 = Release|Any CPU
		{552873BD-7ED5-44CE-AEE0-B34FF8C05606}.Debug|Any CPU.ActiveCfg = Debug|Any CPU
		{552873BD-7ED5-44CE-AEE0-B34FF8C05606}.Debug|Any CPU.Build.0 = Debug|Any CPU
		{552873BD-7ED5-44CE-AEE0-B34FF8C05606}.Release|Any CPU.ActiveCfg = Release|Any CPU
		{552873BD-7ED5-44CE-AEE0-B34FF8C05606}.Release|Any CPU.Build.0 = Release|Any CPU
		{E766BF7A-5ECF-4ED4-BFF0-66381940ADA8}.Debug|Any CPU.ActiveCfg = Debug|Any CPU
		{E766BF7A-5ECF-4ED4-BFF0-66381940ADA8}.Debug|Any CPU.Build.0 = Debug|Any CPU
		{E766BF7A-5ECF-4ED4-BFF0-66381940ADA8}.Release|Any CPU.ActiveCfg = Release|Any CPU
		{E766BF7A-5ECF-4ED4-BFF0-66381940ADA8}.Release|Any CPU.Build.0 = Release|Any CPU
		{26E3C67E-11B1-46F2-89A7-9D388695CC36}.Debug|Any CPU.ActiveCfg = Debug|Any CPU
		{26E3C67E-11B1-46F2-89A7-9D388695CC36}.Debug|Any CPU.Build.0 = Debug|Any CPU
		{26E3C67E-11B1-46F2-89A7-9D388695CC36}.Release|Any CPU.ActiveCfg = Release|Any CPU
		{26E3C67E-11B1-46F2-89A7-9D388695CC36}.Release|Any CPU.Build.0 = Release|Any CPU
		{60B61F8A-7A8D-4B71-814B-5C1567B93AE8}.Debug|Any CPU.ActiveCfg = Debug|Any CPU
		{60B61F8A-7A8D-4B71-814B-5C1567B93AE8}.Debug|Any CPU.Build.0 = Debug|Any CPU
		{60B61F8A-7A8D-4B71-814B-5C1567B93AE8}.Release|Any CPU.ActiveCfg = Release|Any CPU
		{60B61F8A-7A8D-4B71-814B-5C1567B93AE8}.Release|Any CPU.Build.0 = Release|Any CPU
		{792766B8-628F-4E86-96DC-20DB88290CAA}.Debug|Any CPU.ActiveCfg = Debug|Any CPU
		{792766B8-628F-4E86-96DC-20DB88290CAA}.Debug|Any CPU.Build.0 = Debug|Any CPU
		{792766B8-628F-4E86-96DC-20DB88290CAA}.Release|Any CPU.ActiveCfg = Release|Any CPU
		{792766B8-628F-4E86-96DC-20DB88290CAA}.Release|Any CPU.Build.0 = Release|Any CPU
		{9D4C5462-FD4B-443F-8099-EA6D2A3B290A}.Debug|Any CPU.ActiveCfg = Debug|Any CPU
		{9D4C5462-FD4B-443F-8099-EA6D2A3B290A}.Debug|Any CPU.Build.0 = Debug|Any CPU
		{9D4C5462-FD4B-443F-8099-EA6D2A3B290A}.Release|Any CPU.ActiveCfg = Release|Any CPU
		{9D4C5462-FD4B-443F-8099-EA6D2A3B290A}.Release|Any CPU.Build.0 = Release|Any CPU
		{DFDC708D-4638-47D2-96D3-43AC0D9D6228}.Debug|Any CPU.ActiveCfg = Debug|Any CPU
		{DFDC708D-4638-47D2-96D3-43AC0D9D6228}.Debug|Any CPU.Build.0 = Debug|Any CPU
		{DFDC708D-4638-47D2-96D3-43AC0D9D6228}.Release|Any CPU.ActiveCfg = Release|Any CPU
		{DFDC708D-4638-47D2-96D3-43AC0D9D6228}.Release|Any CPU.Build.0 = Release|Any CPU
		{B4CEE664-F11A-4AF9-B07C-D82A082C73EB}.Debug|Any CPU.ActiveCfg = Debug|Any CPU
		{B4CEE664-F11A-4AF9-B07C-D82A082C73EB}.Debug|Any CPU.Build.0 = Debug|Any CPU
		{B4CEE664-F11A-4AF9-B07C-D82A082C73EB}.Release|Any CPU.ActiveCfg = Release|Any CPU
		{B4CEE664-F11A-4AF9-B07C-D82A082C73EB}.Release|Any CPU.Build.0 = Release|Any CPU
		{5A918489-7B6B-4245-BEA0-78D8EDAFC8CA}.Debug|Any CPU.ActiveCfg = Debug|Any CPU
		{5A918489-7B6B-4245-BEA0-78D8EDAFC8CA}.Debug|Any CPU.Build.0 = Debug|Any CPU
		{5A918489-7B6B-4245-BEA0-78D8EDAFC8CA}.Release|Any CPU.ActiveCfg = Release|Any CPU
		{5A918489-7B6B-4245-BEA0-78D8EDAFC8CA}.Release|Any CPU.Build.0 = Release|Any CPU
		{852DF543-3CF1-4650-8B34-CFED74275AFB}.Debug|Any CPU.ActiveCfg = Debug|Any CPU
		{852DF543-3CF1-4650-8B34-CFED74275AFB}.Debug|Any CPU.Build.0 = Debug|Any CPU
		{852DF543-3CF1-4650-8B34-CFED74275AFB}.Release|Any CPU.ActiveCfg = Release|Any CPU
		{852DF543-3CF1-4650-8B34-CFED74275AFB}.Release|Any CPU.Build.0 = Release|Any CPU
		{D1266BEF-12CE-42D6-9178-976DDF85DB59}.Debug|Any CPU.ActiveCfg = Debug|Any CPU
		{D1266BEF-12CE-42D6-9178-976DDF85DB59}.Debug|Any CPU.Build.0 = Debug|Any CPU
		{D1266BEF-12CE-42D6-9178-976DDF85DB59}.Release|Any CPU.ActiveCfg = Release|Any CPU
		{D1266BEF-12CE-42D6-9178-976DDF85DB59}.Release|Any CPU.Build.0 = Release|Any CPU
	EndGlobalSection
EndGlobal
